
Microsoft Visual Studio Solution File, Format Version 12.00
# Visual Studio Version 17
VisualStudioVersion = 17.8.34330.188
MinimumVisualStudioVersion = 10.0.40219.1
Project("{FAE04EC0-301F-11D3-BF4B-00C04F79EFBC}") = "WebDriver task 1 (nunit)", "WebDriver task 1 (nunit).csproj", "{8B1CD77C-1453-4A7C-82D1-3C4F1F68719F}"
EndProject
Global
	GlobalSection(SolutionConfigurationPlatforms) = preSolution
		Debug|Any CPU = Debug|Any CPU
		Release|Any CPU = Release|Any CPU
	EndGlobalSection
	GlobalSection(ProjectConfigurationPlatforms) = postSolution
		{8B1CD77C-1453-4A7C-82D1-3C4F1F68719F}.Debug|Any CPU.ActiveCfg = Debug|Any CPU
		{8B1CD77C-1453-4A7C-82D1-3C4F1F68719F}.Debug|Any CPU.Build.0 = Debug|Any CPU
		{8B1CD77C-1453-4A7C-82D1-3C4F1F68719F}.Release|Any CPU.ActiveCfg = Release|Any CPU
		{8B1CD77C-1453-4A7C-82D1-3C4F1F68719F}.Release|Any CPU.Build.0 = Release|Any CPU
	EndGlobalSection
	GlobalSection(SolutionProperties) = preSolution
		HideSolutionNode = FALSE
	EndGlobalSection
	GlobalSection(ExtensibilityGlobals) = postSolution
		SolutionGuid = {62440EAD-BB4C-4FC1-83FD-3C37550DFDC3}
	EndGlobalSection
EndGlobal
